github.com/MasterDimmy/errorcatcher v0.1.0 h1:BEPtLEOs0rwA5UKUxA7lFLIeWQ8w/sVraVZzSHM/BI4=
github.com/MasterDimmy/errorcatcher v0.1.0/go.mod h1:FukOdzRhzYAK+43bw8SeujbsDmrMLUCtNDGBZzT1pbc=
github.com/MasterDimmy/errorcatcher v0.1.1 h1:yrlcjO16LcrP21RWxeK4KXt8/bJ0+1/EMo6OsodrK9E=
github.com/MasterDimmy/errorcatcher v0.1.1/go.mod h1:FukOdzRhzYAK+43bw8SeujbsDmrMLUCtNDGBZzT1pbc=
github.com/MasterDimmy/fastime v0.0.1 h1:ZcKNaJjzE4399JYRzUImc2GRNkgIInwLihAIfRMbe/s=
github.com/MasterDimmy/fastime v0.0.1/go.mod h1:2OuPwwfDiu1NbzxfOU8aOplRGh3DcKNXF2jqhz068ug=
github.com/MasterDimmy/go-ctrlc v0.0.7 h1:ztFFg/lS8rZ2zjuJluvAf0twF1m1TVMCzZ/eF4EDfWk=
github.com/MasterDimmy/go-ctrlc v0.0.7/go.mod h1:buCpuUbB63tIuhT7pLt8LKCdznarQY18lMXJzxogppk=
github.com/MasterDimmy/golang-lruexpire v0.2.3 h1:Xa00A2Xqus1TehMKRX5vo/YdZQP8cRN3Hv8I+vBH7pQ=
github.com/MasterDimmy/golang-lruexpire v0.2.3/go.mod h1:ppQ+uHVKNJ2BiS8ayeCQ1Td+lI2rJl4pSyDno3j2bDA=
github.com/MasterDimmy/zilorot v0.0.4 h1:IXceFcdnK3hvO7nXqnbs/E6RWGR317ynDDaRY/+pgJI=
github.com/MasterDimmy/zilorot v0.0.4/go.mod h1:kNZPKzjeBmIeJArHc0clNCl50gm7rZw6GiEi0lz5UVo=
github.com/MasterDimmy/zilorot v0.0.5 h1:WnaUKQxH1WbLAZwArudk/1/9wAQDWkHGMnvc94iZj6s=
github.com/MasterDimmy/zilorot v0.0.5/go.mod h1:68mFHATUmWbphdb8VjhBkC+4FcWxQWlWnR77+q+UZBw=
github.com/MasterDimmy/zipologger v0.3.12 h1:THGq7PVKw+gUVieiEwCmKwq9vS/7pry4d+E4mmfy2f4=
github.com/MasterDimmy/zipologger v0.3.12/go.mod h1:gK1ybW37HdwUnm49IiantnG/EgATEVFS+kN5NZx6UVs=
github.com/MasterDimmy/zipologger v0.3.15 h1:gmEEnh2qBquWYFHXojjk4NEN5r/ETqi25uUOFYg8vgQ=
github.com/MasterDimmy/zipologger v0.3.15/go.mod h1:Xp8HDUAOfkmUctTBj6PONFP78UUfIY9K3RnkfeDoD24=
github.com/andybalholm/brotli v1.1.0 h1:eLKJA0d02Lf0mVpIDgYnqXcUn0GqVmEFny3VuID1U3M=
github.com/andybalholm/brotli v1.1.0/go.mod h1:sms7XGricyQI9K10gOSf56VKKWS4oLer58Q+mhRPtnY=
github.com/btcsuite/btcd/btcec/v2 v2.3.3 h1:6+iXlDKE8RMtKsvK0gshlXIuPbyWM/h84Ensb7o3sC0=
github.com/btcsuite/btcd/btcec/v2 v2.3.3/go.mod h1:zYzJ8etWJQIv1Ogk7OzpWjowwOdXY1W/17j2MW85J04=
github.com/davecgh/go-spew v1.1.1 h1:vj9j/u1bqnvCEfJOwUhtlOARqs3+rkHYY13jYWTU97c=
github.com/davecgh/go-spew v1.1.1/go.mod h1:J7Y8YcW2NihsgmVo/mv3lAwl/skON4iLHjSsI+c5H38=
github.com/decred/dcrd/dcrec/secp256k1/v4 v4.3.0 h1:rpfIENRNNilwHwZeG5+P150SMrnNEcHYvcCuK6dPZSg=
github.com/decred/dcrd/dcrec/secp256k1/v4 v4.3.0/go.mod h1:v57UDF4pDQJcEfFUCRop3lJL149eHGSe9Jvczhzjo/0=
github.com/ethereum/go-ethereum v1.14.3 h1:5zvnAqLtnCZrU9uod1JCvHWJbPMURzYFHfc2eHz4PHA=
github.com/ethereum/go-ethereum v1.14.3/go.mod h1:1STrq471D0BQbCX9He0hUj4bHxX2k6mt5nOQJhDNOJ8=
github.com/ethereum/go-ethereum v1.14.5 h1:szuFzO1MhJmweXjoM5nSAeDvjNUH3vIQoMzzQnfvjpw=
github.com/ethereum/go-ethereum v1.14.5/go.mod h1:VEDGGhSxY7IEjn98hJRFXl/uFvpRgbIIf2PpXiyGGgc=
github.com/goupdate/deadlock v0.5.2 h1:khpKsquMqWSlBBkO2Q6w2OkJOYR+sc5ekoi4Nj2QZdM=
github.com/goupdate/deadlock v0.5.2/go.mod h1:Ur8zV3dfhON70dKZzLkg4KQcwpOjw9ubU1r14/08bJ0=
github.com/holiman/uint256 v1.2.4 h1:jUc4Nk8fm9jZabQuqr2JzednajVmBpC+oiTiXZJEApU=
github.com/holiman/uint256 v1.2.4/go.mod h1:EOMSn4q6Nyt9P6efbI3bueV4e1b3dGlUCXeiRV4ng7E=
github.com/klauspost/compress v1.17.7 h1:ehO88t2UGzQK66LMdE8tibEd1ErmzZjNEqWkjLAKQQg=
github.com/klauspost/compress v1.17.7/go.mod h1:Di0epgTjJY877eYKx5yC51cX2A2Vl2ibi7bDH9ttBbw=
github.com/klauspost/compress v1.17.8 h1:YcnTYrq7MikUT7k0Yb5eceMmALQPYBW/Xltxn0NAMnU=
github.com/klauspost/compress v1.17.8/go.mod h1:Di0epgTjJY877eYKx5yC51cX2A2Vl2ibi7bDH9ttBbw=
github.com/petermattis/goid v0.0.0-20240607163614-bb94eb51e7a7 h1:CtBLeckhC0zAXgp5V8uR30CNYH0JgCJoxCg5+6i2zQk=
github.com/petermattis/goid v0.0.0-20240607163614-bb94eb51e7a7/go.mod h1:pxMtw7cyUw6B2bRH0ZBANSPg+AoSud1I1iyJHI69jH4=
github.com/pmezard/go-difflib v1.0.0 h1:4DBwDE0NGyQoBHbLQYPwSUPoCMWR5BEzIk/f1lZbAQM=
github.com/pmezard/go-difflib v1.0.0/go.mod h1:iKH77koFhYxTK1pcRnkKkqfTogsbg7gZNVY4sRDYZ/4=
github.com/stretchr/testify v1.9.0 h1:HtqpIVDClZ4nwg75+f6Lvsy/wHu+3BoSGCbBAcpTsTg=
github.com/stretchr/testify v1.9.0/go.mod h1:r2ic/lqez/lEtzL7wO/rwa5dbSLXVDPFyf8C91i36aY=
github.com/valyala/bytebufferpool v1.0.0 h1:GqA5TC/0021Y/b9FG4Oi9Mr3q7XYx6KllzawFIhcdPw=
github.com/valyala/bytebufferpool v1.0.0/go.mod h1:6bBcMArwyJ5K/AmCkWv1jt77kVWyCJ6HpOuEn7z0Csc=
github.com/valyala/fasthttp v1.54.0 h1:cCL+ZZR3z3HPLMVfEYVUMtJqVaui0+gu7Lx63unHwS0=
github.com/valyala/fasthttp v1.54.0/go.mod h1:6dt4/8olwq9QARP/TDuPmWyWcl4byhpvTJ4AAtcz+QM=
golang.org/x/crypto v0.23.0 h1:dIJU/v2J8Mdglj/8rJ6UUOM3Zc9zLZxVZwwxMooUSAI=
golang.org/x/crypto v0.23.0/go.mod h1:CKFgDieR+mRhux2Lsu27y0fO304Db0wZe70UKqHu0v8=
golang.org/x/crypto v0.24.0 h1:mnl8DM0o513X8fdIkmyFE/5hTYxbwYOjDS/+rK6qpRI=
golang.org/x/crypto v0.24.0/go.mod h1:Z1PMYSOR5nyMcyAVAIQSKCDwalqy85Aqn1x3Ws4L5DM=
golang.org/x/exp v0.0.0-20240525044651-4c93da0ed11d h1:N0hmiNbwsSNwHBAvR3QB5w25pUwH4tK0Y/RltD1j1h4=
golang.org/x/exp v0.0.0-20240525044651-4c93da0ed11d/go.mod h1:XtvwrStGgqGPLc4cjQfWqZHG1YFdYs6swckp8vpsjnc=
golang.org/x/exp v0.0.0-20240604190554-fc45aab8b7f8 h1:LoYXNGAShUG3m/ehNk4iFctuhGX/+R1ZpfJ4/ia80JM=
golang.org/x/exp v0.0.0-20240604190554-fc45aab8b7f8/go.mod h1:jj3sYF3dwk5D+ghuXyeI3r5MFf+NT2An6/9dOA95KSI=
golang.org/x/sys v0.20.0 h1:Od9JTbYCk261bKm4M/mw7AklTlFYIa0bIp9BgSm1S8Y=
golang.org/x/sys v0.20.0/go.mod h1:/VUhepiaJMQUp4+oa/7Zr1D23ma6VTLIYjOOTFZPUcA=
golang.org/x/sys v0.21.0 h1:rF+pYz3DAGSQAxAu1CbC7catZg4ebC4UIeIhKxBZvws=
golang.org/x/sys v0.21.0/go.mod h1:/VUhepiaJMQUp4+oa/7Zr1D23ma6VTLIYjOOTFZPUcA=
gopkg.in/check.v1 v0.0.0-20161208181325-20d25e280405 h1:yhCVgyC4o1eVCa2tZl7eS0r+SDo693bJlVdllGtEeKM=
gopkg.in/check.v1 v0.0.0-20161208181325-20d25e280405/go.mod h1:Co6ibVJAznAaIkqp8huTwlJQCZ016jof/cbN4VW5Yz0=
gopkg.in/yaml.v3 v3.0.1 h1:fxVm/GzAzEWqLHuvctI91KS9hhNmmWOoWu0XTYJS7CA=
gopkg.in/yaml.v3 v3.0.1/go.mod h1:K4uyk7z7BCEPqu6E+C64Yfv1cQ7kz7rIZviUmN+EgEM=
